
Microsoft Visual Studio Solution File, Format Version 12.00
# Visual Studio 15
VisualStudioVersion = 15.0.27004.2006
MinimumVisualStudioVersion = 10.0.40219.1
Project("{FAE04EC0-301F-11D3-BF4B-00C04F79EFBC}") = "RecoverDll", "RecoverDll\RecoverDll.csproj", "{D9682CD7-A39B-431D-902C-00A03F9F548E}"
EndProject
Global
	GlobalSection(SolutionConfigurationPlatforms) = preSolution
		Debug|Any CPU = Debug|Any CPU
		Release|Any CPU = Release|Any CPU
	EndGlobalSection
	GlobalSection(ProjectConfigurationPlatforms) = postSolution
		{D9682CD7-A39B-431D-902C-00A03F9F548E}.Debug|Any CPU.ActiveCfg = Debug|Any CPU
		{D9682CD7-A39B-431D-902C-00A03F9F548E}.Debug|Any CPU.Build.0 = Debug|Any CPU
		{D9682CD7-A39B-431D-902C-00A03F9F548E}.Release|Any CPU.ActiveCfg = Release|Any CPU
		{D9682CD7-A39B-431D-902C-00A03F9F548E}.Release|Any CPU.Build.0 = Release|Any CPU
	EndGlobalSection
	GlobalSection(SolutionProperties) = preSolution
		HideSolutionNode = FALSE
	EndGlobalSection
	GlobalSection(ExtensibilityGlobals) = postSolution
		SolutionGuid = {F9D1454D-0F5B-408C-9430-E9C312117057}
	EndGlobalSection
EndGlobal
